
Microsoft Visual Studio Solution File, Format Version 12.00
# Visual Studio Version 16
VisualStudioVersion = 16.0.29920.165
MinimumVisualStudioVersion = 10.0.40219.1
Project("{FAE04EC0-301F-11D3-BF4B-00C04F79EFBC}") = "MutichoiceEnglish", "MutichoiceEnglish\MutichoiceEnglish.csproj", "{7C19BC4C-1223-43A3-95C4-3FFF474AFBA6}"
EndProject
Global
	GlobalSection(SolutionConfigurationPlatforms) = preSolution
		Debug|Any CPU = Debug|Any CPU
		Release|Any CPU = Release|Any CPU
	EndGlobalSection
	GlobalSection(ProjectConfigurationPlatforms) = postSolution
		{7C19BC4C-1223-43A3-95C4-3FFF474AFBA6}.Debug|Any CPU.ActiveCfg = Debug|Any CPU
		{7C19BC4C-1223-43A3-95C4-3FFF474AFBA6}.Debug|Any CPU.Build.0 = Debug|Any CPU
		{7C19BC4C-1223-43A3-95C4-3FFF474AFBA6}.Release|Any CPU.ActiveCfg = Release|Any CPU
		{7C19BC4C-1223-43A3-95C4-3FFF474AFBA6}.Release|Any CPU.Build.0 = Release|Any CPU
	EndGlobalSection
	GlobalSection(SolutionProperties) = preSolution
		HideSolutionNode = FALSE
	EndGlobalSection
	GlobalSection(ExtensibilityGlobals) = postSolution
		SolutionGuid = {DE68AE93-E96A-4029-998F-5A6A89432EA9}
	EndGlobalSection
EndGlobal
